
Microsoft Visual Studio Solution File, Format Version 12.00
# Visual Studio Version 17
VisualStudioVersion = 17.3.32611.2
MinimumVisualStudioVersion = 10.0.40219.1
Project("{FAE04EC0-301F-11D3-BF4B-00C04F79EFBC}") = "FarmFresh", "FarmFresh\FarmFresh.csproj", "{1371EC97-A1F6-406A-B71E-02D3DF14CB90}"
EndProject
Project("{FAE04EC0-301F-11D3-BF4B-00C04F79EFBC}") = "FarmFresh.Application", "FarmFresh.Application\FarmFresh.Application.csproj", "{F7E55A80-064E-44AE-A000-9E0FD1695B1E}"
EndProject
Project("{FAE04EC0-301F-11D3-BF4B-00C04F79EFBC}") = "FarmFresh.Domain", "FarmFresh.Domain\FarmFresh.Domain.csproj", "{FFB5CA60-9701-4F64-8BF4-FE2DCC674062}"
EndProject
Project("{FAE04EC0-301F-11D3-BF4B-00C04F79EFBC}") = "FarmFresh.Infrastructure.Data", "FarmFresh.Infrastructure.Data\FarmFresh.Infrastructure.Data.csproj", "{D5F88598-8330-4405-A624-268EEB898762}"
EndProject
Project("{FAE04EC0-301F-11D3-BF4B-00C04F79EFBC}") = "FarmFresh.Infrastructure.Repo", "FarmFresh.Infrastructure.Repo\FarmFresh.Infrastructure.Repo.csproj", "{D7B80868-3BE7-44CF-A282-5C780328A050}"
EndProject
Project("{FAE04EC0-301F-11D3-BF4B-00C04F79EFBC}") = "FarmFresh.Infrastructure.Service", "FarmFresh.Infrastructure.Service\FarmFresh.Infrastructure.Service.csproj", "{7410D254-9396-45B7-91A8-5DC50044D621}"
EndProject
Global
	GlobalSection(SolutionConfigurationPlatforms) = preSolution
		Debug|Any CPU = Debug|Any CPU
		Release|Any CPU = Release|Any CPU
	EndGlobalSection
	GlobalSection(ProjectConfigurationPlatforms) = postSolution
		{1371EC97-A1F6-406A-B71E-02D3DF14CB90}.Debug|Any CPU.ActiveCfg = Debug|Any CPU
		{1371EC97-A1F6-406A-B71E-02D3DF14CB90}.Debug|Any CPU.Build.0 = Debug|Any CPU
		{1371EC97-A1F6-406A-B71E-02D3DF14CB90}.Release|Any CPU.ActiveCfg = Release|Any CPU
		{1371EC97-A1F6-406A-B71E-02D3DF14CB90}.Release|Any CPU.Build.0 = Release|Any CPU
		{F7E55A80-064E-44AE-A000-9E0FD1695B1E}.Debug|Any CPU.ActiveCfg = Debug|Any CPU
		{F7E55A80-064E-44AE-A000-9E0FD1695B1E}.Debug|Any CPU.Build.0 = Debug|Any CPU
		{F7E55A80-064E-44AE-A000-9E0FD1695B1E}.Release|Any CPU.ActiveCfg = Release|Any CPU
		{F7E55A80-064E-44AE-A000-9E0FD1695B1E}.Release|Any CPU.Build.0 = Release|Any CPU
		{FFB5CA60-9701-4F64-8BF4-FE2DCC674062}.Debug|Any CPU.ActiveCfg = Debug|Any CPU
		{FFB5CA60-9701-4F64-8BF4-FE2DCC674062}.Debug|Any CPU.Build.0 = Debug|Any CPU
		{FFB5CA60-9701-4F64-8BF4-FE2DCC674062}.Release|Any CPU.ActiveCfg = Release|Any CPU
		{FFB5CA60-9701-4F64-8BF4-FE2DCC674062}.Release|Any CPU.Build.0 = Release|Any CPU
		{D5F88598-8330-4405-A624-268EEB898762}.Debug|Any CPU.ActiveCfg = Debug|Any CPU
		{D5F88598-8330-4405-A624-268EEB898762}.Debug|Any CPU.Build.0 = Debug|Any CPU
		{D5F88598-8330-4405-A624-268EEB898762}.Release|Any CPU.ActiveCfg = Release|Any CPU
		{D5F88598-8330-4405-A624-268EEB898762}.Release|Any CPU.Build.0 = Release|Any CPU
		{D7B80868-3BE7-44CF-A282-5C780328A050}.Debug|Any CPU.ActiveCfg = Debug|Any CPU
		{D7B80868-3BE7-44CF-A282-5C780328A050}.Debug|Any CPU.Build.0 = Debug|Any CPU
		{D7B80868-3BE7-44CF-A282-5C780328A050}.Release|Any CPU.ActiveCfg = Release|Any CPU
		{D7B80868-3BE7-44CF-A282-5C780328A050}.Release|Any CPU.Build.0 = Release|Any CPU
		{7410D254-9396-45B7-91A8-5DC50044D621}.Debug|Any CPU.ActiveCfg = Debug|Any CPU
		{7410D254-9396-45B7-91A8-5DC50044D621}.Debug|Any CPU.Build.0 = Debug|Any CPU
		{7410D254-9396-45B7-91A8-5DC50044D621}.Release|Any CPU.ActiveCfg = Release|Any CPU
		{7410D254-9396-45B7-91A8-5DC50044D621}.Release|Any CPU.Build.0 = Release|Any CPU
	EndGlobalSection
	GlobalSection(SolutionProperties) = preSolution
		HideSolutionNode = FALSE
	EndGlobalSection
	GlobalSection(ExtensibilityGlobals) = postSolution
		SolutionGuid = {1E6BDA94-9E51-4C2B-B1D5-9E97FECC69D1}
	EndGlobalSection
EndGlobal
